
Microsoft Visual Studio Solution File, Format Version 12.00
# Visual Studio Version 17
VisualStudioVersion = 17.2.32505.173
MinimumVisualStudioVersion = 10.0.40219.1
Project("{9A19103F-16F7-4668-BE54-9A1E7A4F7556}") = "Product.Api", "Product.Api\Product.Api.csproj", "{3AE8182F-8B9D-4D32-9D68-DCA830C4D530}"
EndProject
Project("{9A19103F-16F7-4668-BE54-9A1E7A4F7556}") = "Product.Infrastructure", "Product.Infrastructure\Product.Infrastructure.csproj", "{141E41D6-77A2-4AAC-A948-70F8D198AB92}"
EndProject
Project("{9A19103F-16F7-4668-BE54-9A1E7A4F7556}") = "Product.Domain", "Product.Domain\Product.Domain.csproj", "{2451253C-0BAC-430D-A200-07D2C0AA0ED8}"
EndProject
Project("{9A19103F-16F7-4668-BE54-9A1E7A4F7556}") = "Product.Application", "Product.Application\Product.Application.csproj", "{3724AA01-9A72-42F8-92EA-26C0CAEF55D2}"
EndProject
Project("{E53339B2-1760-4266-BCC7-CA923CBCF16C}") = "docker-compose", "docker-compose.dcproj", "{10EDB61A-F669-4250-AE06-5FCCFDB3B08F}"
EndProject
Project("{FAE04EC0-301F-11D3-BF4B-00C04F79EFBC}") = "Product.Api.Test", "Product.Api.Test\Product.Api.Test.csproj", "{314ED465-4A86-4E6A-80E4-83E49801E121}"
EndProject
Global
	GlobalSection(SolutionConfigurationPlatforms) = preSolution
		Debug|Any CPU = Debug|Any CPU
		Release|Any CPU = Release|Any CPU
	EndGlobalSection
	GlobalSection(ProjectConfigurationPlatforms) = postSolution
		{3AE8182F-8B9D-4D32-9D68-DCA830C4D530}.Debug|Any CPU.ActiveCfg = Debug|Any CPU
		{3AE8182F-8B9D-4D32-9D68-DCA830C4D530}.Debug|Any CPU.Build.0 = Debug|Any CPU
		{3AE8182F-8B9D-4D32-9D68-DCA830C4D530}.Release|Any CPU.ActiveCfg = Release|Any CPU
		{3AE8182F-8B9D-4D32-9D68-DCA830C4D530}.Release|Any CPU.Build.0 = Release|Any CPU
		{141E41D6-77A2-4AAC-A948-70F8D198AB92}.Debug|Any CPU.ActiveCfg = Debug|Any CPU
		{141E41D6-77A2-4AAC-A948-70F8D198AB92}.Debug|Any CPU.Build.0 = Debug|Any CPU
		{141E41D6-77A2-4AAC-A948-70F8D198AB92}.Release|Any CPU.ActiveCfg = Release|Any CPU
		{141E41D6-77A2-4AAC-A948-70F8D198AB92}.Release|Any CPU.Build.0 = Release|Any CPU
		{2451253C-0BAC-430D-A200-07D2C0AA0ED8}.Debug|Any CPU.ActiveCfg = Debug|Any CPU
		{2451253C-0BAC-430D-A200-07D2C0AA0ED8}.Debug|Any CPU.Build.0 = Debug|Any CPU
		{2451253C-0BAC-430D-A200-07D2C0AA0ED8}.Release|Any CPU.ActiveCfg = Release|Any CPU
		{2451253C-0BAC-430D-A200-07D2C0AA0ED8}.Release|Any CPU.Build.0 = Release|Any CPU
		{3724AA01-9A72-42F8-92EA-26C0CAEF55D2}.Debug|Any CPU.ActiveCfg = Debug|Any CPU
		{3724AA01-9A72-42F8-92EA-26C0CAEF55D2}.Debug|Any CPU.Build.0 = Debug|Any CPU
		{3724AA01-9A72-42F8-92EA-26C0CAEF55D2}.Release|Any CPU.ActiveCfg = Release|Any CPU
		{3724AA01-9A72-42F8-92EA-26C0CAEF55D2}.Release|Any CPU.Build.0 = Release|Any CPU
		{10EDB61A-F669-4250-AE06-5FCCFDB3B08F}.Debug|Any CPU.ActiveCfg = Debug|Any CPU
		{10EDB61A-F669-4250-AE06-5FCCFDB3B08F}.Debug|Any CPU.Build.0 = Debug|Any CPU
		{10EDB61A-F669-4250-AE06-5FCCFDB3B08F}.Release|Any CPU.ActiveCfg = Release|Any CPU
		{10EDB61A-F669-4250-AE06-5FCCFDB3B08F}.Release|Any CPU.Build.0 = Release|Any CPU
		{314ED465-4A86-4E6A-80E4-83E49801E121}.Debug|Any CPU.ActiveCfg = Debug|Any CPU
		{314ED465-4A86-4E6A-80E4-83E49801E121}.Debug|Any CPU.Build.0 = Debug|Any CPU
		{314ED465-4A86-4E6A-80E4-83E49801E121}.Release|Any CPU.ActiveCfg = Release|Any CPU
		{314ED465-4A86-4E6A-80E4-83E49801E121}.Release|Any CPU.Build.0 = Release|Any CPU
	EndGlobalSection
	GlobalSection(SolutionProperties) = preSolution
		HideSolutionNode = FALSE
	EndGlobalSection
	GlobalSection(ExtensibilityGlobals) = postSolution
		SolutionGuid = {D928FBC0-C16F-4F1E-B6E4-46354A6504B8}
	EndGlobalSection
EndGlobal
